{
  "version": 4,
  "terraform_version": "0.13.0",
  "serial": 39,
  "lineage": "6954723f-c760-c8be-5d4a-f01bff62589a",
  "outputs": {
    "init_outputs": {
      "value": {
        "accessKey": "30EmIpwNb+DTYtWgX9VyB8L+6wem7Y5jurx8h1stozVkfXoLIiTqV2wccEqvLHFS8zHndATNPD2J6OoCADOufA==",
        "containerName": "tfstate",
        "pwd": "DCSBCanada1!",
        "storageAccount": "gcdcps7a6stg",
        "user": "admps"
      },
      "type": [
        "object",
        {
          "accessKey": "string",
          "containerName": "string",
          "pwd": "string",
          "storageAccount": "string",
          "user": "string"
        }
      ]
    }
  },
  "resources": [
    {
      "mode": "data",
      "type": "azurerm_client_config",
      "name": "current",
      "provider": "provider[\"registry.terraform.io/hashicorp/azurerm\"].sub",
      "instances": [
        {
          "schema_version": 0,
          "attributes": {
            "client_id": "a4577eef-d21e-46da-b2aa-d7ae382dd9eb",
            "id": "2021-06-29 18:34:20.2362709 +0000 UTC",
            "object_id": "46532729-8e4b-4068-b1c2-87d201dc1170",
            "subscription_id": "fa16d1b3-c809-4145-a0e2-fe5c303e7007",
            "tenant_id": "7198d08c-c362-4703-9854-53b6f0d8fc44",
            "timeouts": null
          }
        }
      ]
    },
    {
      "mode": "managed",
      "type": "azurerm_key_vault",
      "name": "kv",
      "provider": "provider[\"registry.terraform.io/hashicorp/azurerm\"].sub",
      "instances": [
        {
          "schema_version": 2,
          "attributes": {
            "access_policy": [
              {
                "application_id": "",
                "certificate_permissions": [
                  "Get",
                  "List",
                  "Update",
                  "Create",
                  "Import",
                  "Delete",
                  "Recover",
                  "Backup",
                  "Restore",
                  "ManageContacts",
                  "ManageIssuers",
                  "GetIssuers",
                  "ListIssuers",
                  "SetIssuers",
                  "DeleteIssuers"
                ],
                "key_permissions": [
                  "Get",
                  "List",
                  "Update",
                  "Create",
                  "Import",
                  "Delete",
                  "Recover",
                  "Backup",
                  "Restore"
                ],
                "object_id": "46532729-8e4b-4068-b1c2-87d201dc1170",
                "secret_permissions": [
                  "Get",
                  "List",
                  "Set",
                  "Delete",
                  "Recover",
                  "Backup",
                  "Restore",
                  "Purge"
                ],
                "storage_permissions": [],
                "tenant_id": "7198d08c-c362-4703-9854-53b6f0d8fc44"
              },
              {
                "application_id": "",
                "certificate_permissions": [
                  "Get",
                  "List",
                  "Update",
                  "Create",
                  "Import",
                  "Delete",
                  "Recover",
                  "Backup",
                  "Restore",
                  "ManageContacts",
                  "ManageIssuers",
                  "GetIssuers",
                  "ListIssuers",
                  "SetIssuers",
                  "DeleteIssuers"
                ],
                "key_permissions": [
                  "Get",
                  "List",
                  "Update",
                  "Create",
                  "Import",
                  "Delete",
                  "Recover",
                  "Backup",
                  "Restore"
                ],
                "object_id": "826ea82f-a7b7-421e-8c80-e2640481e3da",
                "secret_permissions": [
                  "Get",
                  "List",
                  "Set",
                  "Delete",
                  "Recover",
                  "Backup",
                  "Restore",
                  "Purge"
                ],
                "storage_permissions": [],
                "tenant_id": "7198d08c-c362-4703-9854-53b6f0d8fc44"
              },
              {
                "application_id": "",
                "certificate_permissions": [
                  "Get",
                  "List",
                  "Update",
                  "Create",
                  "Import",
                  "Delete",
                  "Recover",
                  "Backup",
                  "Restore",
                  "ManageContacts",
                  "ManageIssuers",
                  "GetIssuers",
                  "ListIssuers",
                  "SetIssuers",
                  "DeleteIssuers"
                ],
                "key_permissions": [
                  "Get",
                  "List",
                  "Update",
                  "Create",
                  "Import",
                  "Delete",
                  "Recover",
                  "Backup",
                  "Restore"
                ],
                "object_id": "2e997a6d-e2c5-4d74-b6ea-38795d3c9deb",
                "secret_permissions": [
                  "Get",
                  "List",
                  "Set",
                  "Delete",
                  "Recover",
                  "Backup",
                  "Restore",
                  "Purge"
                ],
                "storage_permissions": [],
                "tenant_id": "7198d08c-c362-4703-9854-53b6f0d8fc44"
              }
            ],
            "contact": [],
            "enable_rbac_authorization": false,
            "enabled_for_deployment": false,
            "enabled_for_disk_encryption": true,
            "enabled_for_template_deployment": false,
            "id": "/subscriptions/fa16d1b3-c809-4145-a0e2-fe5c303e7007/resourceGroups/GcDc-DCSB-PS-Keyvault-rg/providers/Microsoft.KeyVault/vaults/GcDcCSV-PS-kv",
            "location": "canadacentral",
            "name": "GcDcCSV-PS-kv",
            "network_acls": [
              {
                "bypass": "AzureServices",
                "default_action": "Allow",
                "ip_rules": [],
                "virtual_network_subnet_ids": []
              }
            ],
            "purge_protection_enabled": false,
            "resource_group_name": "GcDc-DCSB-PS-Keyvault-rg",
            "sku_name": "standard",
            "soft_delete_enabled": true,
            "soft_delete_retention_days": 90,
            "tags": {
              "classification": "pbmm",
              "contact": "example@domain.ca",
              "deployment": "azure-bca-iac-2021-05-17",
              "env": "dev",
              "owner": "example@domain.ca",
              "project": "DCSB-PS"
            },
            "tenant_id": "7198d08c-c362-4703-9854-53b6f0d8fc44",
            "timeouts": null,
            "vault_uri": "https://gcdccsv-ps-kv.vault.azure.net/"
          },
          "private": "eyJlMmJmYjczMC1lY2FhLTExZTYtOGY4OC0zNDM2M2JjN2M0YzAiOnsiY3JlYXRlIjoxODAwMDAwMDAwMDAwLCJkZWxldGUiOjE4MDAwMDAwMDAwMDAsInJlYWQiOjMwMDAwMDAwMDAwMCwidXBkYXRlIjoxODAwMDAwMDAwMDAwfSwic2NoZW1hX3ZlcnNpb24iOiIyIn0=",
          "dependencies": [
            "azurerm_resource_group.keyvault-rg",
            "data.azurerm_client_config.current"
          ]
        }
      ]
    },
    {
      "mode": "managed",
      "type": "azurerm_key_vault_secret",
      "name": "pwd",
      "provider": "provider[\"registry.terraform.io/hashicorp/azurerm\"].sub",
      "instances": [
        {
          "schema_version": 0,
          "attributes": {
            "content_type": "",
            "expiration_date": null,
            "id": "https://gcdccsv-ps-kv.vault.azure.net/secrets/GcDc-PS-deploy-admin-pwd/5051587723624d60841c6b7f695e5434",
            "key_vault_id": "/subscriptions/fa16d1b3-c809-4145-a0e2-fe5c303e7007/resourceGroups/GcDc-DCSB-PS-Keyvault-rg/providers/Microsoft.KeyVault/vaults/GcDcCSV-PS-kv",
            "name": "GcDc-PS-deploy-admin-pwd",
            "not_before_date": null,
            "tags": {},
            "timeouts": null,
            "value": "DCSBCanada1!",
            "version": "5051587723624d60841c6b7f695e5434",
            "versionless_id": "https://gcdccsv-ps-kv.vault.azure.net/secrets/GcDc-PS-deploy-admin-pwd"
          },
          "private": "eyJlMmJmYjczMC1lY2FhLTExZTYtOGY4OC0zNDM2M2JjN2M0YzAiOnsiY3JlYXRlIjoxODAwMDAwMDAwMDAwLCJkZWxldGUiOjE4MDAwMDAwMDAwMDAsInJlYWQiOjMwMDAwMDAwMDAwMCwidXBkYXRlIjoxODAwMDAwMDAwMDAwfX0=",
          "dependencies": [
            "azurerm_key_vault.kv",
            "azurerm_resource_group.keyvault-rg",
            "data.azurerm_client_config.current",
            "data.azurerm_key_vault_secret.pwd"
          ]
        }
      ]
    },
    {
      "mode": "managed",
      "type": "azurerm_key_vault_secret",
      "name": "sp",
      "provider": "provider[\"registry.terraform.io/hashicorp/azurerm\"].sub",
      "instances": [
        {
          "schema_version": 0,
          "attributes": {
            "content_type": "",
            "expiration_date": null,
            "id": "https://gcdccsv-ps-kv.vault.azure.net/secrets/GcDc-Terragrunt-DCSB-sp/52137711209340b1898c86afe2c3a5f1",
            "key_vault_id": "/subscriptions/fa16d1b3-c809-4145-a0e2-fe5c303e7007/resourceGroups/GcDc-DCSB-PS-Keyvault-rg/providers/Microsoft.KeyVault/vaults/GcDcCSV-PS-kv",
            "name": "GcDc-Terragrunt-DCSB-sp",
            "not_before_date": null,
            "tags": {},
            "timeouts": null,
            "value": "~649m3.Yi351ER4Zq5zOxUQFjF-QGaY~36\r\n\r\n\r\n\r\n\r\n\r\n\r\n\r\n\r\n\r\n\r\n\r\n\r\n\r\n\r\n\r\n\r\n\r\n\r\n\r\n\r\n\r\n\r\n\r\n\r\n\r\n\r\n\r\n\r\n\r\n\r\n\r\n\r\n\r\n\r\n\r\n\r\n\r\n\r\n\r\n\r\n\r\n\r\n\r\n\r\n\r\n\r\n\r\n\r\n\r\n\r\n\r\n\r\n\r\n\r\n\r\n\r\n\r\n\r\n\r\n\r\n\r\n\r\n\r\n\r\n\r\n\r\n\r\n\r\n\r\n\r\n\r\n\r\n\r\n\r\n\r\n\r\n\r\n\r\n\r\n\r\n\r\n\r\n\r\n\r\n\r\n\r\n\r\n\r\n\r\n\r\n\r\n\r\n\r\n\r\n\r\n\r\n\r\n\r\n\r\n\r\n\r\n\r\n\r\n\r\n\r\n\r\n\r\n\r\n\r\n\r\n\r\n\r\n\r\n\r\n\r\n\r\n\r\n\r\n\r\n\r\n\r\n\r\n\r\n\r\n\r\n\r\n\r\n\r\n\r\n\r\n\r\n\r\n\r\n\r\n\r\n\r\n\r\n\r\n\r\n\r\n\r\n\r\n\r\n\r\n\r\n\r\n\r\n\r\n\r\n\r\n\r\n\r\n\r\n\r\n\r\n\r\n\r\n\r\n\r\n\r\n\r\n\r\n\r\n\r\n\r\n\r\n\r\n\r\n\r\n\r\n\r\n\r\n\r\n\r\n\r\n\r\n\r\n\r\n\r\n\r\n\r\n\r\n\r\n\r\n\r\n\r\n\r\n\r\n\r\n\r\n\r\n\r\n\r\n\r\n\r\n\r\n\r\n\r\n\r\n\r\n\r\n\r\n\r\n\r\n\r\n\r\n\r\n\r\n\r\n\r\n\r\n\r\n\r\n\r\n\r\n\r\n\r\n\r\n\r\n\r\n\r\n\r\n\r\n\r\n\r\n\r\n\r\n\r\n\r\n\r\n\r\n\r\n\r\n\r\n\r\n\r\n\r\n\r\n\r\n\r\n\r\n\r\n\r\n\r\n\r\n\r\n\r\n\r\n\r\n\r\n\r\n\r\n\r\n\r\n",
            "version": "52137711209340b1898c86afe2c3a5f1",
            "versionless_id": "https://gcdccsv-ps-kv.vault.azure.net/secrets/GcDc-Terragrunt-DCSB-sp"
          },
          "private": "eyJlMmJmYjczMC1lY2FhLTExZTYtOGY4OC0zNDM2M2JjN2M0YzAiOnsiY3JlYXRlIjoxODAwMDAwMDAwMDAwLCJkZWxldGUiOjE4MDAwMDAwMDAwMDAsInJlYWQiOjMwMDAwMDAwMDAwMCwidXBkYXRlIjoxODAwMDAwMDAwMDAwfX0=",
          "dependencies": [
            "azurerm_key_vault.kv",
            "azurerm_resource_group.keyvault-rg",
            "data.azurerm_client_config.current"
          ]
        }
      ]
    },
    {
      "mode": "managed",
      "type": "azurerm_key_vault_secret",
      "name": "tfstate",
      "provider": "provider[\"registry.terraform.io/hashicorp/azurerm\"].sub",
      "instances": [
        {
          "schema_version": 0,
          "attributes": {
            "content_type": "",
            "expiration_date": null,
            "id": "https://gcdccsv-ps-kv.vault.azure.net/secrets/tfstate-access-key/1e295dfcc69c49a2a2311fe60b6c79c1",
            "key_vault_id": "/subscriptions/fa16d1b3-c809-4145-a0e2-fe5c303e7007/resourceGroups/GcDc-DCSB-PS-Keyvault-rg/providers/Microsoft.KeyVault/vaults/GcDcCSV-PS-kv",
            "name": "tfstate-access-key",
            "not_before_date": null,
            "tags": {},
            "timeouts": null,
            "value": "30EmIpwNb+DTYtWgX9VyB8L+6wem7Y5jurx8h1stozVkfXoLIiTqV2wccEqvLHFS8zHndATNPD2J6OoCADOufA==",
            "version": "1e295dfcc69c49a2a2311fe60b6c79c1",
            "versionless_id": "https://gcdccsv-ps-kv.vault.azure.net/secrets/tfstate-access-key"
          },
          "private": "eyJlMmJmYjczMC1lY2FhLTExZTYtOGY4OC0zNDM2M2JjN2M0YzAiOnsiY3JlYXRlIjoxODAwMDAwMDAwMDAwLCJkZWxldGUiOjE4MDAwMDAwMDAwMDAsInJlYWQiOjMwMDAwMDAwMDAwMCwidXBkYXRlIjoxODAwMDAwMDAwMDAwfX0=",
          "dependencies": [
            "azurerm_key_vault.kv",
            "azurerm_resource_group.keyvault-rg",
            "azurerm_resource_group.storage-rg",
            "azurerm_storage_account.storage",
            "data.azurerm_client_config.current"
          ]
        }
      ]
    },
    {
      "mode": "managed",
      "type": "azurerm_key_vault_secret",
      "name": "user",
      "provider": "provider[\"registry.terraform.io/hashicorp/azurerm\"].sub",
      "instances": [
        {
          "schema_version": 0,
          "attributes": {
            "content_type": "",
            "expiration_date": null,
            "id": "https://gcdccsv-ps-kv.vault.azure.net/secrets/GcDc-PS-deploy-admin/6cb584ce1be344a5b5cd817bdb7e4554",
            "key_vault_id": "/subscriptions/fa16d1b3-c809-4145-a0e2-fe5c303e7007/resourceGroups/GcDc-DCSB-PS-Keyvault-rg/providers/Microsoft.KeyVault/vaults/GcDcCSV-PS-kv",
            "name": "GcDc-PS-deploy-admin",
            "not_before_date": null,
            "tags": {},
            "timeouts": null,
            "value": "admps",
            "version": "6cb584ce1be344a5b5cd817bdb7e4554",
            "versionless_id": "https://gcdccsv-ps-kv.vault.azure.net/secrets/GcDc-PS-deploy-admin"
          },
          "private": "eyJlMmJmYjczMC1lY2FhLTExZTYtOGY4OC0zNDM2M2JjN2M0YzAiOnsiY3JlYXRlIjoxODAwMDAwMDAwMDAwLCJkZWxldGUiOjE4MDAwMDAwMDAwMDAsInJlYWQiOjMwMDAwMDAwMDAwMCwidXBkYXRlIjoxODAwMDAwMDAwMDAwfX0=",
          "dependencies": [
            "azurerm_key_vault.kv",
            "azurerm_resource_group.keyvault-rg",
            "data.azurerm_client_config.current",
            "data.azurerm_key_vault_secret.user"
          ]
        }
      ]
    },
    {
      "mode": "managed",
      "type": "azurerm_resource_group",
      "name": "keyvault-rg",
      "provider": "provider[\"registry.terraform.io/hashicorp/azurerm\"].sub",
      "instances": [
        {
          "schema_version": 0,
          "attributes": {
            "id": "/subscriptions/fa16d1b3-c809-4145-a0e2-fe5c303e7007/resourceGroups/GcDc-DCSB-PS-Keyvault-rg",
            "location": "canadacentral",
            "name": "GcDc-DCSB-PS-Keyvault-rg",
            "tags": {
              "classification": "pbmm",
              "contact": "example@domain.ca",
              "deployment": "azure-bca-iac-2021-05-17",
              "env": "dev",
              "owner": "example@domain.ca",
              "project": "DCSB-PS"
            },
            "timeouts": null
          },
          "private": "eyJlMmJmYjczMC1lY2FhLTExZTYtOGY4OC0zNDM2M2JjN2M0YzAiOnsiY3JlYXRlIjo1NDAwMDAwMDAwMDAwLCJkZWxldGUiOjU0MDAwMDAwMDAwMDAsInJlYWQiOjMwMDAwMDAwMDAwMCwidXBkYXRlIjo1NDAwMDAwMDAwMDAwfX0="
        }
      ]
    },
    {
      "mode": "managed",
      "type": "azurerm_resource_group",
      "name": "storage-rg",
      "provider": "provider[\"registry.terraform.io/hashicorp/azurerm\"].sub",
      "instances": [
        {
          "schema_version": 0,
          "attributes": {
            "id": "/subscriptions/fa16d1b3-c809-4145-a0e2-fe5c303e7007/resourceGroups/GcDc-DCSB-PS-Storage-rg",
            "location": "canadacentral",
            "name": "GcDc-DCSB-PS-Storage-rg",
            "tags": {
              "classification": "pbmm",
              "contact": "example@domain.ca",
              "deployment": "azure-bca-iac-2021-05-17",
              "env": "dev",
              "owner": "example@domain.ca",
              "project": "DCSB-PS"
            },
            "timeouts": null
          },
          "private": "eyJlMmJmYjczMC1lY2FhLTExZTYtOGY4OC0zNDM2M2JjN2M0YzAiOnsiY3JlYXRlIjo1NDAwMDAwMDAwMDAwLCJkZWxldGUiOjU0MDAwMDAwMDAwMDAsInJlYWQiOjMwMDAwMDAwMDAwMCwidXBkYXRlIjo1NDAwMDAwMDAwMDAwfX0="
        }
      ]
    },
    {
      "mode": "managed",
      "type": "azurerm_storage_account",
      "name": "storage",
      "provider": "provider[\"registry.terraform.io/hashicorp/azurerm\"].sub",
      "instances": [
        {
          "schema_version": 2,
          "attributes": {
            "access_tier": "Hot",
            "account_kind": "BlobStorage",
            "account_replication_type": "RAGRS",
            "account_tier": "Standard",
            "allow_blob_public_access": false,
            "azure_files_authentication": [],
            "blob_properties": [
              {
                "change_feed_enabled": false,
                "container_delete_retention_policy": [],
                "cors_rule": [],
                "default_service_version": "",
                "delete_retention_policy": [],
                "last_access_time_enabled": false,
                "versioning_enabled": false
              }
            ],
            "custom_domain": [],
            "enable_https_traffic_only": true,
            "id": "/subscriptions/fa16d1b3-c809-4145-a0e2-fe5c303e7007/resourceGroups/GcDc-DCSB-PS-Storage-rg/providers/Microsoft.Storage/storageAccounts/gcdcps7a6stg",
            "identity": [],
            "is_hns_enabled": false,
            "large_file_share_enabled": null,
            "location": "canadacentral",
            "min_tls_version": "TLS1_0",
            "name": "gcdcps7a6stg",
            "network_rules": [
              {
                "bypass": [
                  "AzureServices"
                ],
                "default_action": "Allow",
                "ip_rules": [],
                "private_link_access": [],
                "virtual_network_subnet_ids": []
              }
            ],
            "nfsv3_enabled": false,
            "primary_access_key": "30EmIpwNb+DTYtWgX9VyB8L+6wem7Y5jurx8h1stozVkfXoLIiTqV2wccEqvLHFS8zHndATNPD2J6OoCADOufA==",
            "primary_blob_connection_string": "DefaultEndpointsProtocol=https;BlobEndpoint=https://gcdcps7a6stg.blob.core.windows.net/;AccountName=gcdcps7a6stg;AccountKey=30EmIpwNb+DTYtWgX9VyB8L+6wem7Y5jurx8h1stozVkfXoLIiTqV2wccEqvLHFS8zHndATNPD2J6OoCADOufA==",
            "primary_blob_endpoint": "https://gcdcps7a6stg.blob.core.windows.net/",
            "primary_blob_host": "gcdcps7a6stg.blob.core.windows.net",
            "primary_connection_string": "DefaultEndpointsProtocol=https;AccountName=gcdcps7a6stg;AccountKey=30EmIpwNb+DTYtWgX9VyB8L+6wem7Y5jurx8h1stozVkfXoLIiTqV2wccEqvLHFS8zHndATNPD2J6OoCADOufA==;EndpointSuffix=core.windows.net",
            "primary_dfs_endpoint": "https://gcdcps7a6stg.dfs.core.windows.net/",
            "primary_dfs_host": "gcdcps7a6stg.dfs.core.windows.net",
            "primary_file_endpoint": "",
            "primary_file_host": "",
            "primary_location": "canadacentral",
            "primary_queue_endpoint": "",
            "primary_queue_host": "",
            "primary_table_endpoint": "https://gcdcps7a6stg.table.core.windows.net/",
            "primary_table_host": "gcdcps7a6stg.table.core.windows.net",
            "primary_web_endpoint": "",
            "primary_web_host": "",
            "queue_properties": [],
            "resource_group_name": "GcDc-DCSB-PS-Storage-rg",
            "routing": [],
            "secondary_access_key": "LgTpfO4JfkIEEY9ay4x9eX1d0GRadEpTI/muYy7BoowGlp6xc6HASKnKP2GKR84DUcV7gy3PNJN+tXNEKU0/5A==",
            "secondary_blob_connection_string": "DefaultEndpointsProtocol=https;BlobEndpoint=https://gcdcps7a6stg-secondary.blob.core.windows.net/;AccountName=gcdcps7a6stg;AccountKey=LgTpfO4JfkIEEY9ay4x9eX1d0GRadEpTI/muYy7BoowGlp6xc6HASKnKP2GKR84DUcV7gy3PNJN+tXNEKU0/5A==",
            "secondary_blob_endpoint": "https://gcdcps7a6stg-secondary.blob.core.windows.net/",
            "secondary_blob_host": "gcdcps7a6stg-secondary.blob.core.windows.net",
            "secondary_connection_string": "DefaultEndpointsProtocol=https;AccountName=gcdcps7a6stg;AccountKey=LgTpfO4JfkIEEY9ay4x9eX1d0GRadEpTI/muYy7BoowGlp6xc6HASKnKP2GKR84DUcV7gy3PNJN+tXNEKU0/5A==;EndpointSuffix=core.windows.net",
            "secondary_dfs_endpoint": "https://gcdcps7a6stg-secondary.dfs.core.windows.net/",
            "secondary_dfs_host": "gcdcps7a6stg-secondary.dfs.core.windows.net",
            "secondary_file_endpoint": "",
            "secondary_file_host": "",
            "secondary_location": "canadaeast",
            "secondary_queue_endpoint": "",
            "secondary_queue_host": "",
            "secondary_table_endpoint": "https://gcdcps7a6stg-secondary.table.core.windows.net/",
            "secondary_table_host": "gcdcps7a6stg-secondary.table.core.windows.net",
            "secondary_web_endpoint": "",
            "secondary_web_host": "",
            "static_website": [],
            "tags": {
              "classification": "pbmm",
              "contact": "example@domain.ca",
              "deployment": "azure-bca-iac-2021-05-17",
              "env": "dev",
              "owner": "example@domain.ca",
              "project": "DCSB-PS"
            },
            "timeouts": null
          },
          "private": "eyJlMmJmYjczMC1lY2FhLTExZTYtOGY4OC0zNDM2M2JjN2M0YzAiOnsiY3JlYXRlIjozNjAwMDAwMDAwMDAwLCJkZWxldGUiOjM2MDAwMDAwMDAwMDAsInJlYWQiOjMwMDAwMDAwMDAwMCwidXBkYXRlIjozNjAwMDAwMDAwMDAwfSwic2NoZW1hX3ZlcnNpb24iOiIyIn0=",
          "dependencies": [
            "azurerm_resource_group.storage-rg"
          ]
        }
      ]
    },
    {
      "mode": "managed",
      "type": "azurerm_storage_container",
      "name": "container",
      "provider": "provider[\"registry.terraform.io/hashicorp/azurerm\"].sub",
      "instances": [
        {
          "schema_version": 1,
          "attributes": {
            "container_access_type": "private",
            "has_immutability_policy": false,
            "has_legal_hold": false,
            "id": "https://gcdcps7a6stg.blob.core.windows.net/tfstate",
            "metadata": {},
            "name": "tfstate",
            "resource_manager_id": "/subscriptions/fa16d1b3-c809-4145-a0e2-fe5c303e7007/resourceGroups/GcDc-DCSB-PS-Storage-rg/providers/Microsoft.Storage/storageAccounts/gcdcps7a6stg/blobServices/default/containers/tfstate",
            "storage_account_name": "gcdcps7a6stg",
            "timeouts": null
          },
          "private": "eyJlMmJmYjczMC1lY2FhLTExZTYtOGY4OC0zNDM2M2JjN2M0YzAiOnsiY3JlYXRlIjoxODAwMDAwMDAwMDAwLCJkZWxldGUiOjE4MDAwMDAwMDAwMDAsInJlYWQiOjMwMDAwMDAwMDAwMCwidXBkYXRlIjoxODAwMDAwMDAwMDAwfSwic2NoZW1hX3ZlcnNpb24iOiIxIn0=",
          "dependencies": [
            "azurerm_resource_group.storage-rg",
            "azurerm_storage_account.storage"
          ]
        }
      ]
    }
  ]
}
